// !$*UTF8*$!
{
	archiveVersion = 1;
	classes = {
	};
	objectVersion = 46;
	objects = {

/* Begin PBXBuildFile section */
		826440EE1CD2B6500013D8AC /* TripTableViewController.swift in Sources */ = {isa = PBXBuildFile; fileRef = 826440ED1CD2B6500013D8AC /* TripTableViewController.swift */; };
		826440F01CD2B6710013D8AC /* TripTableCellView.swift in Sources */ = {isa = PBXBuildFile; fileRef = 826440EF1CD2B6710013D8AC /* TripTableCellView.swift */; };
		82C9E08A1CC9827400C48EEE /* Trip+CoreDataProperties.swift in Sources */ = {isa = PBXBuildFile; fileRef = 82C9E0881CC9827400C48EEE /* Trip+CoreDataProperties.swift */; };
		82C9E08B1CC9827400C48EEE /* Trip.swift in Sources */ = {isa = PBXBuildFile; fileRef = 82C9E0891CC9827400C48EEE /* Trip.swift */; };
		82E98D461CC6D35900CDC4A7 /* ViewController2.swift in Sources */ = {isa = PBXBuildFile; fileRef = 82E98D451CC6D35900CDC4A7 /* ViewController2.swift */; };
		82E98D481CC6D63F00CDC4A7 /* ViewController3.swift in Sources */ = {isa = PBXBuildFile; fileRef = 82E98D471CC6D63F00CDC4A7 /* ViewController3.swift */; };
		D3E5DBAC1CC04380009438CC /* AppDelegate.swift in Sources */ = {isa = PBXBuildFile; fileRef = D3E5DBAB1CC04380009438CC /* AppDelegate.swift */; };
		D3E5DBAE1CC04380009438CC /* ViewController.swift in Sources */ = {isa = PBXBuildFile; fileRef = D3E5DBAD1CC04380009438CC /* ViewController.swift */; };
		D3E5DBB11CC04380009438CC /* Main.storyboard in Resources */ = {isa = PBXBuildFile; fileRef = D3E5DBAF1CC04380009438CC /* Main.storyboard */; };
		D3E5DBB41CC04380009438CC /* FishingApp.xcdatamodeld in Sources */ = {isa = PBXBuildFile; fileRef = D3E5DBB21CC04380009438CC /* FishingApp.xcdatamodeld */; };
		D3E5DBB61CC04380009438CC /* Assets.xcassets in Resources */ = {isa = PBXBuildFile; fileRef = D3E5DBB51CC04380009438CC /* Assets.xcassets */; };
		D3E5DBB91CC04380009438CC /* LaunchScreen.storyboard in Resources */ = {isa = PBXBuildFile; fileRef = D3E5DBB71CC04380009438CC /* LaunchScreen.storyboard */; };
		D3E5DBC41CC04381009438CC /* FishingAppTests.swift in Sources */ = {isa = PBXBuildFile; fileRef = D3E5DBC31CC04381009438CC /* FishingAppTests.swift */; };
/* End PBXBuildFile section */

/* Begin PBXContainerItemProxy section */
		D3E5DBC01CC04381009438CC /* PBXContainerItemProxy */ = {
			isa = PBXContainerItemProxy;
			containerPortal = D3E5DBA01CC04380009438CC /* Project object */;
			proxyType = 1;
			remoteGlobalIDString = D3E5DBA71CC04380009438CC;
			remoteInfo = FishingApp;
		};
/* End PBXContainerItemProxy section */

/* Begin PBXFileReference section */
		826440ED1CD2B6500013D8AC /* TripTableViewController.swift */ = {isa = PBXFileReference; fileEncoding = 4; lastKnownFileType = sourcecode.swift; path = TripTableViewController.swift; sourceTree = "<group>"; };
		826440EF1CD2B6710013D8AC /* TripTableCellView.swift */ = {isa = PBXFileReference; fileEncoding = 4; lastKnownFileType = sourcecode.swift; path = TripTableCellView.swift; sourceTree = "<group>"; };
		82C9E0881CC9827400C48EEE /* Trip+CoreDataProperties.swift */ = {isa = PBXFileReference; fileEncoding = 4; lastKnownFileType = sourcecode.swift; path = "Trip+CoreDataProperties.swift"; sourceTree = "<group>"; };
		82C9E0891CC9827400C48EEE /* Trip.swift */ = {isa = PBXFileReference; fileEncoding = 4; lastKnownFileType = sourcecode.swift; path = Trip.swift; sourceTree = "<group>"; };
		82E98D451CC6D35900CDC4A7 /* ViewController2.swift */ = {isa = PBXFileReference; fileEncoding = 4; lastKnownFileType = sourcecode.swift; path = ViewController2.swift; sourceTree = "<group>"; };
		82E98D471CC6D63F00CDC4A7 /* ViewController3.swift */ = {isa = PBXFileReference; fileEncoding = 4; lastKnownFileType = sourcecode.swift; path = ViewController3.swift; sourceTree = "<group>"; };
		D3E5DBA81CC04380009438CC /* FishingApp.app */ = {isa = PBXFileReference; explicitFileType = wrapper.application; includeInIndex = 0; path = FishingApp.app; sourceTree = BUILT_PRODUCTS_DIR; };
		D3E5DBAB1CC04380009438CC /* AppDelegate.swift */ = {isa = PBXFileReference; lastKnownFileType = sourcecode.swift; path = AppDelegate.swift; sourceTree = "<group>"; };
		D3E5DBAD1CC04380009438CC /* ViewController.swift */ = {isa = PBXFileReference; lastKnownFileType = sourcecode.swift; path = ViewController.swift; sourceTree = "<group>"; };
		D3E5DBB01CC04380009438CC /* Base */ = {isa = PBXFileReference; lastKnownFileType = file.storyboard; name = Base; path = Base.lproj/Main.storyboard; sourceTree = "<group>"; };
		D3E5DBB31CC04380009438CC /* FishingApp.xcdatamodel */ = {isa = PBXFileReference; lastKnownFileType = wrapper.xcdatamodel; path = FishingApp.xcdatamodel; sourceTree = "<group>"; };
		D3E5DBB51CC04380009438CC /* Assets.xcassets */ = {isa = PBXFileReference; lastKnownFileType = folder.assetcatalog; path = Assets.xcassets; sourceTree = "<group>"; };
		D3E5DBB81CC04380009438CC /* Base */ = {isa = PBXFileReference; lastKnownFileType = file.storyboard; name = Base; path = Base.lproj/LaunchScreen.storyboard; sourceTree = "<group>"; };
		D3E5DBBA1CC04381009438CC /* Info.plist */ = {isa = PBXFileReference; lastKnownFileType = text.plist.xml; path = Info.plist; sourceTree = "<group>"; };
		D3E5DBBF1CC04381009438CC /* FishingAppTests.xctest */ = {isa = PBXFileReference; explicitFileType = wrapper.cfbundle; includeInIndex = 0; path = FishingAppTests.xctest; sourceTree = BUILT_PRODUCTS_DIR; };
		D3E5DBC31CC04381009438CC /* FishingAppTests.swift */ = {isa = PBXFileReference; lastKnownFileType = sourcecode.swift; path = FishingAppTests.swift; sourceTree = "<group>"; };
		D3E5DBC51CC04381009438CC /* Info.plist */ = {isa = PBXFileReference; lastKnownFileType = text.plist.xml; path = Info.plist; sourceTree = "<group>"; };
/* End PBXFileReference section */

/* Begin PBXFrameworksBuildPhase section */
		D3E5DBA51CC04380009438CC /* Frameworks */ = {
			isa = PBXFrameworksBuildPhase;
			buildActionMask = 2147483647;
			files = (
			);
			runOnlyForDeploymentPostprocessing = 0;
		};
		D3E5DBBC1CC04381009438CC /* Frameworks */ = {
			isa = PBXFrameworksBuildPhase;
			buildActionMask = 2147483647;
			files = (
			);
			runOnlyForDeploymentPostprocessing = 0;
		};
/* End PBXFrameworksBuildPhase section */

/* Begin PBXGroup section */
		D3E5DB9F1CC04380009438CC = {
			isa = PBXGroup;
			children = (
				82C9E0881CC9827400C48EEE /* Trip+CoreDataProperties.swift */,
				82C9E0891CC9827400C48EEE /* Trip.swift */,
				D3E5DBAA1CC04380009438CC /* FishingApp */,
				D3E5DBC21CC04381009438CC /* FishingAppTests */,
				D3E5DBA91CC04380009438CC /* Products */,
			);
			sourceTree = "<group>";
		};
		D3E5DBA91CC04380009438CC /* Products */ = {
			isa = PBXGroup;
			children = (
				D3E5DBA81CC04380009438CC /* FishingApp.app */,
				D3E5DBBF1CC04381009438CC /* FishingAppTests.xctest */,
			);
			name = Products;
			sourceTree = "<group>";
		};
		D3E5DBAA1CC04380009438CC /* FishingApp */ = {
			isa = PBXGroup;
			children = (
				D3E5DBAB1CC04380009438CC /* AppDelegate.swift */,
				D3E5DBAD1CC04380009438CC /* ViewController.swift */,
				82E98D451CC6D35900CDC4A7 /* ViewController2.swift */,
				82E98D471CC6D63F00CDC4A7 /* ViewController3.swift */,
				D3E5DBAF1CC04380009438CC /* Main.storyboard */,
				D3E5DBB51CC04380009438CC /* Assets.xcassets */,
				D3E5DBB71CC04380009438CC /* LaunchScreen.storyboard */,
				D3E5DBB21CC04380009438CC /* FishingApp.xcdatamodeld */,
				D3E5DBBA1CC04381009438CC /* Info.plist */,
				826440ED1CD2B6500013D8AC /* TripTableViewController.swift */,
				826440EF1CD2B6710013D8AC /* TripTableCellView.swift */,
			);
			path = FishingApp;
			sourceTree = "<group>";
		};
		D3E5DBC21CC04381009438CC /* FishingAppTests */ = {
			isa = PBXGroup;
			children = (
				D3E5DBC31CC04381009438CC /* FishingAppTests.swift */,
				D3E5DBC51CC04381009438CC /* Info.plist */,
			);
			path = FishingAppTests;
			sourceTree = "<group>";
		};
/* End PBXGroup section */

/* Begin PBXNativeTarget section */
		D3E5DBA71CC04380009438CC /* FishingApp */ = {
			isa = PBXNativeTarget;
			buildConfigurationList = D3E5DBC81CC04381009438CC /* Build configuration list for PBXNativeTarget "FishingApp" */;
			buildPhases = (
				D3E5DBA41CC04380009438CC /* Sources */,
				D3E5DBA51CC04380009438CC /* Frameworks */,
				D3E5DBA61CC04380009438CC /* Resources */,
			);
			buildRules = (
			);
			dependencies = (
			);
			name = FishingApp;
			productName = FishingApp;
			productReference = D3E5DBA81CC04380009438CC /* FishingApp.app */;
			productType = "com.apple.product-type.application";
		};
		D3E5DBBE1CC04381009438CC /* FishingAppTests */ = {
			isa = PBXNativeTarget;
			buildConfigurationList = D3E5DBCB1CC04381009438CC /* Build configuration list for PBXNativeTarget "FishingAppTests" */;
			buildPhases = (
				D3E5DBBB1CC04381009438CC /* Sources */,
				D3E5DBBC1CC04381009438CC /* Frameworks */,
				D3E5DBBD1CC04381009438CC /* Resources */,
			);
			buildRules = (
			);
			dependencies = (
				D3E5DBC11CC04381009438CC /* PBXTargetDependency */,
			);
			name = FishingAppTests;
			productName = FishingAppTests;
			productReference = D3E5DBBF1CC04381009438CC /* FishingAppTests.xctest */;
			productType = "com.apple.product-type.bundle.unit-test";
		};
/* End PBXNativeTarget section */

/* Begin PBXProject section */
		D3E5DBA01CC04380009438CC /* Project object */ = {
			isa = PBXProject;
			attributes = {
				LastSwiftUpdateCheck = 0720;
				LastUpgradeCheck = 0720;
				ORGANIZATIONNAME = uwp;
				TargetAttributes = {
					D3E5DBA71CC04380009438CC = {
						CreatedOnToolsVersion = 7.2;
					};
					D3E5DBBE1CC04381009438CC = {
						CreatedOnToolsVersion = 7.2;
						TestTargetID = D3E5DBA71CC04380009438CC;
					};
				};
			};
			buildConfigurationList = D3E5DBA31CC04380009438CC /* Build configuration list for PBXProject "FishingApp" */;
			compatibilityVersion = "Xcode 3.2";
			developmentRegion = English;
			hasScannedForEncodings = 0;
			knownRegions = (
				en,
				Base,
			);
			mainGroup = D3E5DB9F1CC04380009438CC;
			productRefGroup = D3E5DBA91CC04380009438CC /* Products */;
			projectDirPath = "";
			projectRoot = "";
			targets = (
				D3E5DBA71CC04380009438CC /* FishingApp */,
				D3E5DBBE1CC04381009438CC /* FishingAppTests */,
			);
		};
/* End PBXProject section */

/* Begin PBXResourcesBuildPhase section */
		D3E5DBA61CC04380009438CC /* Resources */ = {
			isa = PBXResourcesBuildPhase;
			buildActionMask = 2147483647;
			files = (
				D3E5DBB91CC04380009438CC /* LaunchScreen.storyboard in Resources */,
				D3E5DBB61CC04380009438CC /* Assets.xcassets in Resources */,
				D3E5DBB11CC04380009438CC /* Main.storyboard in Resources */,
			);
			runOnlyForDeploymentPostprocessing = 0;
		};
		D3E5DBBD1CC04381009438CC /* Resources */ = {
			isa = PBXResourcesBuildPhase;
			buildActionMask = 2147483647;
			files = (
			);
			runOnlyForDeploymentPostprocessing = 0;
		};
/* End PBXResourcesBuildPhase section */

/* Begin PBXSourcesBuildPhase section */
		D3E5DBA41CC04380009438CC /* Sources */ = {
			isa = PBXSourcesBuildPhase;
			buildActionMask = 2147483647;
			files = (
				82C9E08A1CC9827400C48EEE /* Trip+CoreDataProperties.swift in Sources */,
				82E98D481CC6D63F00CDC4A7 /* ViewController3.swift in Sources */,
				D3E5DBB41CC04380009438CC /* FishingApp.xcdatamodeld in Sources */,
				82E98D461CC6D35900CDC4A7 /* ViewController2.swift in Sources */,
				826440F01CD2B6710013D8AC /* TripTableCellView.swift in Sources */,
				D3E5DBAE1CC04380009438CC /* ViewController.swift in Sources */,
				82C9E08B1CC9827400C48EEE /* Trip.swift in Sources */,
				826440EE1CD2B6500013D8AC /* TripTableViewController.swift in Sources */,
				D3E5DBAC1CC04380009438CC /* AppDelegate.swift in Sources */,
			);
			runOnlyForDeploymentPostprocessing = 0;
		};
		D3E5DBBB1CC04381009438CC /* Sources */ = {
			isa = PBXSourcesBuildPhase;
			buildActionMask = 2147483647;
			files = (
				D3E5DBC41CC04381009438CC /* FishingAppTests.swift in Sources */,
			);
			runOnlyForDeploymentPostprocessing = 0;
		};
/* End PBXSourcesBuildPhase section */

/* Begin PBXTargetDependency section */
		D3E5DBC11CC04381009438CC /* PBXTargetDependency */ = {
			isa = PBXTargetDependency;
			target = D3E5DBA71CC04380009438CC /* FishingApp */;
			targetProxy = D3E5DBC01CC04381009438CC /* PBXContainerItemProxy */;
		};
/* End PBXTargetDependency section */

/* Begin PBXVariantGroup section */
		D3E5DBAF1CC04380009438CC /* Main.storyboard */ = {
			isa = PBXVariantGroup;
			children = (
				D3E5DBB01CC04380009438CC /* Base */,
			);
			name = Main.storyboard;
			sourceTree = "<group>";
		};
		D3E5DBB71CC04380009438CC /* LaunchScreen.storyboard */ = {
			isa = PBXVariantGroup;
			children = (
				D3E5DBB81CC04380009438CC /* Base */,
			);
			name = LaunchScreen.storyboard;
			sourceTree = "<group>";
		};
/* End PBXVariantGroup section */

/* Begin XCBuildConfiguration section */
		D3E5DBC61CC04381009438CC /* Debug */ = {
			isa = XCBuildConfiguration;
			buildSettings = {
				ALWAYS_SEARCH_USER_PATHS = NO;
				CLANG_CXX_LANGUAGE_STANDARD = "gnu++0x";
				CLANG_CXX_LIBRARY = "libc++";
				CLANG_ENABLE_MODULES = YES;
				CLANG_ENABLE_OBJC_ARC = YES;
				CLANG_WARN_BOOL_CONVERSION = YES;
				CLANG_WARN_CONSTANT_CONVERSION = YES;
				CLANG_WARN_DIRECT_OBJC_ISA_USAGE = YES_ERROR;
				CLANG_WARN_EMPTY_BODY = YES;
				CLANG_WARN_ENUM_CONVERSION = YES;
				CLANG_WARN_INT_CONVERSION = YES;
				CLANG_WARN_OBJC_ROOT_CLASS = YES_ERROR;
				CLANG_WARN_UNREACHABLE_CODE = YES;
				CLANG_WARN__DUPLICATE_METHOD_MATCH = YES;
				"CODE_SIGN_IDENTITY[sdk=iphoneos*]" = "iPhone Developer";
				COPY_PHASE_STRIP = NO;
				DEBUG_INFORMATION_FORMAT = dwarf;
				ENABLE_STRICT_OBJC_MSGSEND = YES;
				ENABLE_TESTABILITY = YES;
				GCC_C_LANGUAGE_STANDARD = gnu99;
				GCC_DYNAMIC_NO_PIC = NO;
				GCC_NO_COMMON_BLOCKS = YES;
				GCC_OPTIMIZATION_LEVEL = 0;
				GCC_PREPROCESSOR_DEFINITIONS = (
					"DEBUG=1",
					"$(inherited)",
				);
				GCC_WARN_64_TO_32_BIT_CONVERSION = YES;
				GCC_WARN_ABOUT_RETURN_TYPE = YES_ERROR;
				GCC_WARN_UNDECLARED_SELECTOR = YES;
				GCC_WARN_UNINITIALIZED_AUTOS = YES_AGGRESSIVE;
				GCC_WARN_UNUSED_FUNCTION = YES;
				GCC_WARN_UNUSED_VARIABLE = YES;
				IPHONEOS_DEPLOYMENT_TARGET = 9.2;
				MTL_ENABLE_DEBUG_INFO = YES;
				ONLY_ACTIVE_ARCH = YES;
				SDKROOT = iphoneos;
				SWIFT_OPTIMIZATION_LEVEL = "-Onone";
				TARGETED_DEVICE_FAMILY = "1,2";
			};
			name = Debug;
		};
		D3E5DBC71CC04381009438CC /* Release */ = {
			isa = XCBuildConfiguration;
			buildSettings = {
				ALWAYS_SEARCH_USER_PATHS = NO;
				CLANG_CXX_LANGUAGE_STANDARD = "gnu++0x";
				CLANG_CXX_LIBRARY = "libc++";
				CLANG_ENABLE_MODULES = YES;
				CLANG_ENABLE_OBJC_ARC = YES;
				CLANG_WARN_BOOL_CONVERSION = YES;
				CLANG_WARN_CONSTANT_CONVERSION = YES;
				CLANG_WARN_DIRECT_OBJC_ISA_USAGE = YES_ERROR;
				CLANG_WARN_EMPTY_BODY = YES;
				CLANG_WARN_ENUM_CONVERSION = YES;
				CLANG_WARN_INT_CONVERSION = YES;
				CLANG_WARN_OBJC_ROOT_CLASS = YES_ERROR;
				CLANG_WARN_UNREACHABLE_CODE = YES;
				CLANG_WARN__DUPLICATE_METHOD_MATCH = YES;
				"CODE_SIGN_IDENTITY[sdk=iphoneos*]" = "iPhone Developer";
				COPY_PHASE_STRIP = NO;
				DEBUG_INFORMATION_FORMAT = "dwarf-with-dsym";
				ENABLE_NS_ASSERTIONS = NO;
				ENABLE_STRICT_OBJC_MSGSEND = YES;
				GCC_C_LANGUAGE_STANDARD = gnu99;
				GCC_NO_COMMON_BLOCKS = YES;
				GCC_WARN_64_TO_32_BIT_CONVERSION = YES;
				GCC_WARN_ABOUT_RETURN_TYPE = YES_ERROR;
				GCC_WARN_UNDECLARED_SELECTOR = YES;
				GCC_WARN_UNINITIALIZED_AUTOS = YES_AGGRESSIVE;
				GCC_WARN_UNUSED_FUNCTION = YES;
				GCC_WARN_UNUSED_VARIABLE = YES;
				IPHONEOS_DEPLOYMENT_TARGET = 9.2;
				MTL_ENABLE_DEBUG_INFO = NO;
				SDKROOT = iphoneos;
				TARGETED_DEVICE_FAMILY = "1,2";
				VALIDATE_PRODUCT = YES;
			};
			name = Release;
		};
		D3E5DBC91CC04381009438CC /* Debug */ = {
			isa = XCBuildConfiguration;
			buildSettings = {
				ASSETCATALOG_COMPILER_APPICON_NAME = AppIcon;
				INFOPLIST_FILE = FishingApp/Info.plist;
				LD_RUNPATH_SEARCH_PATHS = "$(inherited) @executable_path/Frameworks";
				PRODUCT_BUNDLE_IDENTIFIER = com.uwp.edu.FishingApp;
				PRODUCT_NAME = "$(TARGET_NAME)";
			};
			name = Debug;
		};
		D3E5DBCA1CC04381009438CC /* Release */ = {
			isa = XCBuildConfiguration;
			buildSettings = {
				ASSETCATALOG_COMPILER_APPICON_NAME = AppIcon;
				INFOPLIST_FILE = FishingApp/Info.plist;
				LD_RUNPATH_SEARCH_PATHS = "$(inherited) @executable_path/Frameworks";
				PRODUCT_BUNDLE_IDENTIFIER = com.uwp.edu.FishingApp;
				PRODUCT_NAME = "$(TARGET_NAME)";
			};
			name = Release;
		};
		D3E5DBCC1CC04381009438CC /* Debug */ = {
			isa = XCBuildConfiguration;
			buildSettings = {
				BUNDLE_LOADER = "$(TEST_HOST)";
				INFOPLIST_FILE = FishingAppTests/Info.plist;
				LD_RUNPATH_SEARCH_PATHS = "$(inherited) @executable_path/Frameworks @loader_path/Frameworks";
				PRODUCT_BUNDLE_IDENTIFIER = com.uwp.edu.FishingAppTests;
				PRODUCT_NAME = "$(TARGET_NAME)";
				TEST_HOST = "$(BUILT_PRODUCTS_DIR)/FishingApp.app/FishingApp";
			};
			name = Debug;
		};
		D3E5DBCD1CC04381009438CC /* Release */ = {
			isa = XCBuildConfiguration;
			buildSettings = {
				BUNDLE_LOADER = "$(TEST_HOST)";
				INFOPLIST_FILE = FishingAppTests/Info.plist;
				LD_RUNPATH_SEARCH_PATHS = "$(inherited) @executable_path/Frameworks @loader_path/Frameworks";
				PRODUCT_BUNDLE_IDENTIFIER = com.uwp.edu.FishingAppTests;
				PRODUCT_NAME = "$(TARGET_NAME)";
				TEST_HOST = "$(BUILT_PRODUCTS_DIR)/FishingApp.app/FishingApp";
			};
			name = Release;
		};
/* End XCBuildConfiguration section */

/* Begin XCConfigurationList section */
		D3E5DBA31CC04380009438CC /* Build configuration list for PBXProject "FishingApp" */ = {
			isa = XCConfigurationList;
			buildConfigurations = (
				D3E5DBC61CC04381009438CC /* Debug */,
				D3E5DBC71CC04381009438CC /* Release */,
			);
			defaultConfigurationIsVisible = 0;
			defaultConfigurationName = Release;
		};
		D3E5DBC81CC04381009438CC /* Build configuration list for PBXNativeTarget "FishingApp" */ = {
			isa = XCConfigurationList;
			buildConfigurations = (
				D3E5DBC91CC04381009438CC /* Debug */,
				D3E5DBCA1CC04381009438CC /* Release */,
			);
			defaultConfigurationIsVisible = 0;
			defaultConfigurationName = Release;
		};
		D3E5DBCB1CC04381009438CC /* Build configuration list for PBXNativeTarget "FishingAppTests" */ = {
			isa = XCConfigurationList;
			buildConfigurations = (
				D3E5DBCC1CC04381009438CC /* Debug */,
				D3E5DBCD1CC04381009438CC /* Release */,
			);
			defaultConfigurationIsVisible = 0;
			defaultConfigurationName = Release;
		};
/* End XCConfigurationList section */

/* Begin XCVersionGroup section */
		D3E5DBB21CC04380009438CC /* FishingApp.xcdatamodeld */ = {
			isa = XCVersionGroup;
			children = (
				D3E5DBB31CC04380009438CC /* FishingApp.xcdatamodel */,
			);
			currentVersion = D3E5DBB31CC04380009438CC /* FishingApp.xcdatamodel */;
			path = FishingApp.xcdatamodeld;
			sourceTree = "<group>";
			versionGroupType = wrapper.xcdatamodel;
		};
/* End XCVersionGroup section */
	};
	rootObject = D3E5DBA01CC04380009438CC /* Project object */;
}
